
Microsoft Visual Studio Solution File, Format Version 12.00
# Visual Studio Version 16
VisualStudioVersion = 16.0.30104.148
MinimumVisualStudioVersion = 10.0.40219.1
Project("{F184B08F-C81C-45F6-A57F-5ABD9991F28F}") = "Factura", "Factura\Factura.vbproj", "{F0196900-8768-4552-A918-D85C56936AE2}"
EndProject
Global
	GlobalSection(SolutionConfigurationPlatforms) = preSolution
		Debug|Any CPU = Debug|Any CPU
		Release|Any CPU = Release|Any CPU
	EndGlobalSection
	GlobalSection(ProjectConfigurationPlatforms) = postSolution
		{F0196900-8768-4552-A918-D85C56936AE2}.Debug|Any CPU.ActiveCfg = Debug|Any CPU
		{F0196900-8768-4552-A918-D85C56936AE2}.Debug|Any CPU.Build.0 = Debug|Any CPU
		{F0196900-8768-4552-A918-D85C56936AE2}.Release|Any CPU.ActiveCfg = Release|Any CPU
		{F0196900-8768-4552-A918-D85C56936AE2}.Release|Any CPU.Build.0 = Release|Any CPU
	EndGlobalSection
	GlobalSection(SolutionProperties) = preSolution
		HideSolutionNode = FALSE
	EndGlobalSection
	GlobalSection(ExtensibilityGlobals) = postSolution
		SolutionGuid = {31021590-B943-4611-9E2F-F5B93BBADBDA}
	EndGlobalSection
EndGlobal
